
Microsoft Visual Studio Solution File, Format Version 12.00
# Visual Studio Version 17
VisualStudioVersion = 17.4.33103.184
MinimumVisualStudioVersion = 10.0.40219.1
Project("{FAE04EC0-301F-11D3-BF4B-00C04F79EFBC}") = "UsersApiApplication", "UsersApiApplication\UsersApiApplication.csproj", "{CAE007ED-FEFD-4C4E-8873-F44F1BC7D20B}"
EndProject
Global
	GlobalSection(SolutionConfigurationPlatforms) = preSolution
		Debug|Any CPU = Debug|Any CPU
		Release|Any CPU = Release|Any CPU
	EndGlobalSection
	GlobalSection(ProjectConfigurationPlatforms) = postSolution
		{CAE007ED-FEFD-4C4E-8873-F44F1BC7D20B}.Debug|Any CPU.ActiveCfg = Debug|Any CPU
		{CAE007ED-FEFD-4C4E-8873-F44F1BC7D20B}.Debug|Any CPU.Build.0 = Debug|Any CPU
		{CAE007ED-FEFD-4C4E-8873-F44F1BC7D20B}.Release|Any CPU.ActiveCfg = Release|Any CPU
		{CAE007ED-FEFD-4C4E-8873-F44F1BC7D20B}.Release|Any CPU.Build.0 = Release|Any CPU
	EndGlobalSection
	GlobalSection(SolutionProperties) = preSolution
		HideSolutionNode = FALSE
	EndGlobalSection
	GlobalSection(ExtensibilityGlobals) = postSolution
		SolutionGuid = {405D0902-EB7D-4476-AC47-6400A3EC6900}
	EndGlobalSection
EndGlobal
